
Microsoft Visual Studio Solution File, Format Version 12.00
# Visual Studio Version 17
VisualStudioVersion = 17.14.36221.1 d17.14
MinimumVisualStudioVersion = 10.0.40219.1
Project("{FAE04EC0-301F-11D3-BF4B-00C04F79EFBC}") = "OMGqueCheiro", "OMGqueCheiro\OMGqueCheiro.csproj", "{D7563FE4-C3C8-455A-9005-A305CC062FBA}"
EndProject
Project("{FAE04EC0-301F-11D3-BF4B-00C04F79EFBC}") = "OMGqueCheiro.Client", "OMGqueCheiro.Client\OMGqueCheiro.Client.csproj", "{8C70D925-5B9D-4DF8-8CAB-877A5125E3A6}"
EndProject
Global
	GlobalSection(SolutionConfigurationPlatforms) = preSolution
		Debug|Any CPU = Debug|Any CPU
		Release|Any CPU = Release|Any CPU
	EndGlobalSection
	GlobalSection(ProjectConfigurationPlatforms) = postSolution
		{D7563FE4-C3C8-455A-9005-A305CC062FBA}.Debug|Any CPU.ActiveCfg = Debug|Any CPU
		{D7563FE4-C3C8-455A-9005-A305CC062FBA}.Debug|Any CPU.Build.0 = Debug|Any CPU
		{D7563FE4-C3C8-455A-9005-A305CC062FBA}.Release|Any CPU.ActiveCfg = Release|Any CPU
		{D7563FE4-C3C8-455A-9005-A305CC062FBA}.Release|Any CPU.Build.0 = Release|Any CPU
		{8C70D925-5B9D-4DF8-8CAB-877A5125E3A6}.Debug|Any CPU.ActiveCfg = Debug|Any CPU
		{8C70D925-5B9D-4DF8-8CAB-877A5125E3A6}.Debug|Any CPU.Build.0 = Debug|Any CPU
		{8C70D925-5B9D-4DF8-8CAB-877A5125E3A6}.Release|Any CPU.ActiveCfg = Release|Any CPU
		{8C70D925-5B9D-4DF8-8CAB-877A5125E3A6}.Release|Any CPU.Build.0 = Release|Any CPU
	EndGlobalSection
	GlobalSection(SolutionProperties) = preSolution
		HideSolutionNode = FALSE
	EndGlobalSection
	GlobalSection(ExtensibilityGlobals) = postSolution
		SolutionGuid = {C9D69F8D-BAA2-417C-A22C-8B068C87F9CD}
	EndGlobalSection
EndGlobal
